
Microsoft Visual Studio Solution File, Format Version 12.00
Project("{FAE04EC0-301F-11D3-BF4B-00C04F79EFBC}") = "SimpleRGB", "SimpleRGB\SimpleRGB.csproj", "{200CB835-093A-46D2-A7ED-A51776296B3C}"
EndProject
Global
	GlobalSection(SolutionConfigurationPlatforms) = preSolution
		Debug|Any CPU = Debug|Any CPU
		Release|Any CPU = Release|Any CPU
	EndGlobalSection
	GlobalSection(ProjectConfigurationPlatforms) = postSolution
		{200CB835-093A-46D2-A7ED-A51776296B3C}.Debug|Any CPU.ActiveCfg = Debug|Any CPU
		{200CB835-093A-46D2-A7ED-A51776296B3C}.Debug|Any CPU.Build.0 = Debug|Any CPU
		{200CB835-093A-46D2-A7ED-A51776296B3C}.Release|Any CPU.ActiveCfg = Release|Any CPU
		{200CB835-093A-46D2-A7ED-A51776296B3C}.Release|Any CPU.Build.0 = Release|Any CPU
	EndGlobalSection
EndGlobal
